// !$*UTF8*$!
{
	archiveVersion = 1;
	classes = {
	};
	objectVersion = 46;
	objects = {

/* Begin PBXBuildFile section */
		C7D705571F063EC10016BE2A /* main.m in Sources */ = {isa = PBXBuildFile; fileRef = C7D705561F063EC10016BE2A /* main.m */; };
		C7D7055A1F063EC10016BE2A /* AppDelegate.m in Sources */ = {isa = PBXBuildFile; fileRef = C7D705591F063EC10016BE2A /* AppDelegate.m */; };
		C7D705601F063EC10016BE2A /* home.storyboard in Resources */ = {isa = PBXBuildFile; fileRef = C7D7055E1F063EC10016BE2A /* home.storyboard */; };
		C7D705621F063EC10016BE2A /* Assets.xcassets in Resources */ = {isa = PBXBuildFile; fileRef = C7D705611F063EC10016BE2A /* Assets.xcassets */; };
		C7D705651F063EC10016BE2A /* LaunchScreen.storyboard in Resources */ = {isa = PBXBuildFile; fileRef = C7D705631F063EC10016BE2A /* LaunchScreen.storyboard */; };
		C7D705701F063EC10016BE2A /* LikeInkeAppTests.m in Sources */ = {isa = PBXBuildFile; fileRef = C7D7056F1F063EC10016BE2A /* LikeInkeAppTests.m */; };
		C7D7057B1F063EC10016BE2A /* LikeInkeAppUITests.m in Sources */ = {isa = PBXBuildFile; fileRef = C7D7057A1F063EC10016BE2A /* LikeInkeAppUITests.m */; };
		C7D7058D1F0643A10016BE2A /* YKTabBarController.m in Sources */ = {isa = PBXBuildFile; fileRef = C7D7058C1F0643A10016BE2A /* YKTabBarController.m */; };
		C7D705901F0643FF0016BE2A /* YKNavigationController.m in Sources */ = {isa = PBXBuildFile; fileRef = C7D7058F1F0643FF0016BE2A /* YKNavigationController.m */; };
		C7D705951F06469C0016BE2A /* MainViewController.m in Sources */ = {isa = PBXBuildFile; fileRef = C7D705941F06469C0016BE2A /* MainViewController.m */; };
		C7D705981F064AA60016BE2A /* YKLiveViewController.m in Sources */ = {isa = PBXBuildFile; fileRef = C7D705971F064AA60016BE2A /* YKLiveViewController.m */; };
		C7D7059B1F064AB20016BE2A /* YKMeViewController.m in Sources */ = {isa = PBXBuildFile; fileRef = C7D7059A1F064AB20016BE2A /* YKMeViewController.m */; };
/* End PBXBuildFile section */

/* Begin PBXContainerItemProxy section */
		C7D7056C1F063EC10016BE2A /* PBXContainerItemProxy */ = {
			isa = PBXContainerItemProxy;
			containerPortal = C7D7054A1F063EC10016BE2A /* Project object */;
			proxyType = 1;
			remoteGlobalIDString = C7D705511F063EC10016BE2A;
			remoteInfo = LikeInkeApp;
		};
		C7D705771F063EC10016BE2A /* PBXContainerItemProxy */ = {
			isa = PBXContainerItemProxy;
			containerPortal = C7D7054A1F063EC10016BE2A /* Project object */;
			proxyType = 1;
			remoteGlobalIDString = C7D705511F063EC10016BE2A;
			remoteInfo = LikeInkeApp;
		};
/* End PBXContainerItemProxy section */

/* Begin PBXFileReference section */
		C7D705521F063EC10016BE2A /* LikeInkeApp.app */ = {isa = PBXFileReference; explicitFileType = wrapper.application; includeInIndex = 0; path = LikeInkeApp.app; sourceTree = BUILT_PRODUCTS_DIR; };
		C7D705561F063EC10016BE2A /* main.m */ = {isa = PBXFileReference; lastKnownFileType = sourcecode.c.objc; path = main.m; sourceTree = "<group>"; };
		C7D705581F063EC10016BE2A /* AppDelegate.h */ = {isa = PBXFileReference; lastKnownFileType = sourcecode.c.h; path = AppDelegate.h; sourceTree = "<group>"; };
		C7D705591F063EC10016BE2A /* AppDelegate.m */ = {isa = PBXFileReference; lastKnownFileType = sourcecode.c.objc; path = AppDelegate.m; sourceTree = "<group>"; };
		C7D7055F1F063EC10016BE2A /* Base */ = {isa = PBXFileReference; lastKnownFileType = file.storyboard; name = Base; path = Base.lproj/home.storyboard; sourceTree = "<group>"; };
		C7D705611F063EC10016BE2A /* Assets.xcassets */ = {isa = PBXFileReference; lastKnownFileType = folder.assetcatalog; path = Assets.xcassets; sourceTree = "<group>"; };
		C7D705641F063EC10016BE2A /* Base */ = {isa = PBXFileReference; lastKnownFileType = file.storyboard; name = Base; path = Base.lproj/LaunchScreen.storyboard; sourceTree = "<group>"; };
		C7D705661F063EC10016BE2A /* Info.plist */ = {isa = PBXFileReference; lastKnownFileType = text.plist.xml; path = Info.plist; sourceTree = "<group>"; };
		C7D7056B1F063EC10016BE2A /* LikeInkeAppTests.xctest */ = {isa = PBXFileReference; explicitFileType = wrapper.cfbundle; includeInIndex = 0; path = LikeInkeAppTests.xctest; sourceTree = BUILT_PRODUCTS_DIR; };
		C7D7056F1F063EC10016BE2A /* LikeInkeAppTests.m */ = {isa = PBXFileReference; lastKnownFileType = sourcecode.c.objc; path = LikeInkeAppTests.m; sourceTree = "<group>"; };
		C7D705711F063EC10016BE2A /* Info.plist */ = {isa = PBXFileReference; lastKnownFileType = text.plist.xml; path = Info.plist; sourceTree = "<group>"; };
		C7D705761F063EC10016BE2A /* LikeInkeAppUITests.xctest */ = {isa = PBXFileReference; explicitFileType = wrapper.cfbundle; includeInIndex = 0; path = LikeInkeAppUITests.xctest; sourceTree = BUILT_PRODUCTS_DIR; };
		C7D7057A1F063EC10016BE2A /* LikeInkeAppUITests.m */ = {isa = PBXFileReference; lastKnownFileType = sourcecode.c.objc; path = LikeInkeAppUITests.m; sourceTree = "<group>"; };
		C7D7057C1F063EC10016BE2A /* Info.plist */ = {isa = PBXFileReference; lastKnownFileType = text.plist.xml; path = Info.plist; sourceTree = "<group>"; };
		C7D7058B1F0643A10016BE2A /* YKTabBarController.h */ = {isa = PBXFileReference; fileEncoding = 4; lastKnownFileType = sourcecode.c.h; path = YKTabBarController.h; sourceTree = "<group>"; };
		C7D7058C1F0643A10016BE2A /* YKTabBarController.m */ = {isa = PBXFileReference; fileEncoding = 4; lastKnownFileType = sourcecode.c.objc; path = YKTabBarController.m; sourceTree = "<group>"; };
		C7D7058E1F0643FF0016BE2A /* YKNavigationController.h */ = {isa = PBXFileReference; fileEncoding = 4; lastKnownFileType = sourcecode.c.h; path = YKNavigationController.h; sourceTree = "<group>"; };
		C7D7058F1F0643FF0016BE2A /* YKNavigationController.m */ = {isa = PBXFileReference; fileEncoding = 4; lastKnownFileType = sourcecode.c.objc; path = YKNavigationController.m; sourceTree = "<group>"; };
		C7D705931F06469C0016BE2A /* MainViewController.h */ = {isa = PBXFileReference; fileEncoding = 4; lastKnownFileType = sourcecode.c.h; path = MainViewController.h; sourceTree = "<group>"; };
		C7D705941F06469C0016BE2A /* MainViewController.m */ = {isa = PBXFileReference; fileEncoding = 4; lastKnownFileType = sourcecode.c.objc; path = MainViewController.m; sourceTree = "<group>"; };
		C7D705961F064AA60016BE2A /* YKLiveViewController.h */ = {isa = PBXFileReference; fileEncoding = 4; lastKnownFileType = sourcecode.c.h; path = YKLiveViewController.h; sourceTree = "<group>"; };
		C7D705971F064AA60016BE2A /* YKLiveViewController.m */ = {isa = PBXFileReference; fileEncoding = 4; lastKnownFileType = sourcecode.c.objc; path = YKLiveViewController.m; sourceTree = "<group>"; };
		C7D705991F064AB20016BE2A /* YKMeViewController.h */ = {isa = PBXFileReference; fileEncoding = 4; lastKnownFileType = sourcecode.c.h; path = YKMeViewController.h; sourceTree = "<group>"; };
		C7D7059A1F064AB20016BE2A /* YKMeViewController.m */ = {isa = PBXFileReference; fileEncoding = 4; lastKnownFileType = sourcecode.c.objc; path = YKMeViewController.m; sourceTree = "<group>"; };
/* End PBXFileReference section */

/* Begin PBXFrameworksBuildPhase section */
		C7D7054F1F063EC10016BE2A /* Frameworks */ = {
			isa = PBXFrameworksBuildPhase;
			buildActionMask = 2147483647;
			files = (
			);
			runOnlyForDeploymentPostprocessing = 0;
		};
		C7D705681F063EC10016BE2A /* Frameworks */ = {
			isa = PBXFrameworksBuildPhase;
			buildActionMask = 2147483647;
			files = (
			);
			runOnlyForDeploymentPostprocessing = 0;
		};
		C7D705731F063EC10016BE2A /* Frameworks */ = {
			isa = PBXFrameworksBuildPhase;
			buildActionMask = 2147483647;
			files = (
			);
			runOnlyForDeploymentPostprocessing = 0;
		};
/* End PBXFrameworksBuildPhase section */

/* Begin PBXGroup section */
		C7D705491F063EC10016BE2A = {
			isa = PBXGroup;
			children = (
				C7D705541F063EC10016BE2A /* LikeInkeApp */,
				C7D7056E1F063EC10016BE2A /* LikeInkeAppTests */,
				C7D705791F063EC10016BE2A /* LikeInkeAppUITests */,
				C7D705531F063EC10016BE2A /* Products */,
			);
			sourceTree = "<group>";
		};
		C7D705531F063EC10016BE2A /* Products */ = {
			isa = PBXGroup;
			children = (
				C7D705521F063EC10016BE2A /* LikeInkeApp.app */,
				C7D7056B1F063EC10016BE2A /* LikeInkeAppTests.xctest */,
				C7D705761F063EC10016BE2A /* LikeInkeAppUITests.xctest */,
			);
			name = Products;
			sourceTree = "<group>";
		};
		C7D705541F063EC10016BE2A /* LikeInkeApp */ = {
			isa = PBXGroup;
			children = (
				C7D705581F063EC10016BE2A /* AppDelegate.h */,
				C7D705591F063EC10016BE2A /* AppDelegate.m */,
				C7D705921F06467F0016BE2A /* Controller */,
				C7D705911F0646690016BE2A /* Base */,
				C7D7055E1F063EC10016BE2A /* home.storyboard */,
				C7D705611F063EC10016BE2A /* Assets.xcassets */,
				C7D705631F063EC10016BE2A /* LaunchScreen.storyboard */,
				C7D705661F063EC10016BE2A /* Info.plist */,
				C7D705551F063EC10016BE2A /* Supporting Files */,
			);
			path = LikeInkeApp;
			sourceTree = "<group>";
		};
		C7D705551F063EC10016BE2A /* Supporting Files */ = {
			isa = PBXGroup;
			children = (
				C7D705561F063EC10016BE2A /* main.m */,
			);
			name = "Supporting Files";
			sourceTree = "<group>";
		};
		C7D7056E1F063EC10016BE2A /* LikeInkeAppTests */ = {
			isa = PBXGroup;
			children = (
				C7D7056F1F063EC10016BE2A /* LikeInkeAppTests.m */,
				C7D705711F063EC10016BE2A /* Info.plist */,
			);
			path = LikeInkeAppTests;
			sourceTree = "<group>";
		};
		C7D705791F063EC10016BE2A /* LikeInkeAppUITests */ = {
			isa = PBXGroup;
			children = (
				C7D7057A1F063EC10016BE2A /* LikeInkeAppUITests.m */,
				C7D7057C1F063EC10016BE2A /* Info.plist */,
			);
			path = LikeInkeAppUITests;
			sourceTree = "<group>";
		};
		C7D705911F0646690016BE2A /* Base */ = {
			isa = PBXGroup;
			children = (
				C7D7058B1F0643A10016BE2A /* YKTabBarController.h */,
				C7D7058C1F0643A10016BE2A /* YKTabBarController.m */,
				C7D7058E1F0643FF0016BE2A /* YKNavigationController.h */,
				C7D7058F1F0643FF0016BE2A /* YKNavigationController.m */,
			);
			name = Base;
			sourceTree = "<group>";
		};
		C7D705921F06467F0016BE2A /* Controller */ = {
			isa = PBXGroup;
			children = (
				C7D705931F06469C0016BE2A /* MainViewController.h */,
				C7D705941F06469C0016BE2A /* MainViewController.m */,
				C7D705961F064AA60016BE2A /* YKLiveViewController.h */,
				C7D705971F064AA60016BE2A /* YKLiveViewController.m */,
				C7D705991F064AB20016BE2A /* YKMeViewController.h */,
				C7D7059A1F064AB20016BE2A /* YKMeViewController.m */,
			);
			name = Controller;
			sourceTree = "<group>";
		};
/* End PBXGroup section */

/* Begin PBXNativeTarget section */
		C7D705511F063EC10016BE2A /* LikeInkeApp */ = {
			isa = PBXNativeTarget;
			buildConfigurationList = C7D7057F1F063EC10016BE2A /* Build configuration list for PBXNativeTarget "LikeInkeApp" */;
			buildPhases = (
				C7D7054E1F063EC10016BE2A /* Sources */,
				C7D7054F1F063EC10016BE2A /* Frameworks */,
				C7D705501F063EC10016BE2A /* Resources */,
			);
			buildRules = (
			);
			dependencies = (
			);
			name = LikeInkeApp;
			productName = LikeInkeApp;
			productReference = C7D705521F063EC10016BE2A /* LikeInkeApp.app */;
			productType = "com.apple.product-type.application";
		};
		C7D7056A1F063EC10016BE2A /* LikeInkeAppTests */ = {
			isa = PBXNativeTarget;
			buildConfigurationList = C7D705821F063EC10016BE2A /* Build configuration list for PBXNativeTarget "LikeInkeAppTests" */;
			buildPhases = (
				C7D705671F063EC10016BE2A /* Sources */,
				C7D705681F063EC10016BE2A /* Frameworks */,
				C7D705691F063EC10016BE2A /* Resources */,
			);
			buildRules = (
			);
			dependencies = (
				C7D7056D1F063EC10016BE2A /* PBXTargetDependency */,
			);
			name = LikeInkeAppTests;
			productName = LikeInkeAppTests;
			productReference = C7D7056B1F063EC10016BE2A /* LikeInkeAppTests.xctest */;
			productType = "com.apple.product-type.bundle.unit-test";
		};
		C7D705751F063EC10016BE2A /* LikeInkeAppUITests */ = {
			isa = PBXNativeTarget;
			buildConfigurationList = C7D705851F063EC10016BE2A /* Build configuration list for PBXNativeTarget "LikeInkeAppUITests" */;
			buildPhases = (
				C7D705721F063EC10016BE2A /* Sources */,
				C7D705731F063EC10016BE2A /* Frameworks */,
				C7D705741F063EC10016BE2A /* Resources */,
			);
			buildRules = (
			);
			dependencies = (
				C7D705781F063EC10016BE2A /* PBXTargetDependency */,
			);
			name = LikeInkeAppUITests;
			productName = LikeInkeAppUITests;
			productReference = C7D705761F063EC10016BE2A /* LikeInkeAppUITests.xctest */;
			productType = "com.apple.product-type.bundle.ui-testing";
		};
/* End PBXNativeTarget section */

/* Begin PBXProject section */
		C7D7054A1F063EC10016BE2A /* Project object */ = {
			isa = PBXProject;
			attributes = {
				LastUpgradeCheck = 0830;
				ORGANIZATIONNAME = M_Li;
				TargetAttributes = {
					C7D705511F063EC10016BE2A = {
						CreatedOnToolsVersion = 8.3.3;
						DevelopmentTeam = 256463TRD5;
						ProvisioningStyle = Manual;
					};
					C7D7056A1F063EC10016BE2A = {
						CreatedOnToolsVersion = 8.3.3;
						DevelopmentTeam = YEFYT2Y9CS;
						ProvisioningStyle = Automatic;
						TestTargetID = C7D705511F063EC10016BE2A;
					};
					C7D705751F063EC10016BE2A = {
						CreatedOnToolsVersion = 8.3.3;
						DevelopmentTeam = YEFYT2Y9CS;
						ProvisioningStyle = Automatic;
						TestTargetID = C7D705511F063EC10016BE2A;
					};
				};
			};
			buildConfigurationList = C7D7054D1F063EC10016BE2A /* Build configuration list for PBXProject "LikeInkeApp" */;
			compatibilityVersion = "Xcode 3.2";
			developmentRegion = English;
			hasScannedForEncodings = 0;
			knownRegions = (
				en,
				Base,
			);
			mainGroup = C7D705491F063EC10016BE2A;
			productRefGroup = C7D705531F063EC10016BE2A /* Products */;
			projectDirPath = "";
			projectRoot = "";
			targets = (
				C7D705511F063EC10016BE2A /* LikeInkeApp */,
				C7D7056A1F063EC10016BE2A /* LikeInkeAppTests */,
				C7D705751F063EC10016BE2A /* LikeInkeAppUITests */,
			);
		};
/* End PBXProject section */

/* Begin PBXResourcesBuildPhase section */
		C7D705501F063EC10016BE2A /* Resources */ = {
			isa = PBXResourcesBuildPhase;
			buildActionMask = 2147483647;
			files = (
				C7D705651F063EC10016BE2A /* LaunchScreen.storyboard in Resources */,
				C7D705621F063EC10016BE2A /* Assets.xcassets in Resources */,
				C7D705601F063EC10016BE2A /* home.storyboard in Resources */,
			);
			runOnlyForDeploymentPostprocessing = 0;
		};
		C7D705691F063EC10016BE2A /* Resources */ = {
			isa = PBXResourcesBuildPhase;
			buildActionMask = 2147483647;
			files = (
			);
			runOnlyForDeploymentPostprocessing = 0;
		};
		C7D705741F063EC10016BE2A /* Resources */ = {
			isa = PBXResourcesBuildPhase;
			buildActionMask = 2147483647;
			files = (
			);
			runOnlyForDeploymentPostprocessing = 0;
		};
/* End PBXResourcesBuildPhase section */

/* Begin PBXSourcesBuildPhase section */
		C7D7054E1F063EC10016BE2A /* Sources */ = {
			isa = PBXSourcesBuildPhase;
			buildActionMask = 2147483647;
			files = (
				C7D705951F06469C0016BE2A /* MainViewController.m in Sources */,
				C7D7055A1F063EC10016BE2A /* AppDelegate.m in Sources */,
				C7D7059B1F064AB20016BE2A /* YKMeViewController.m in Sources */,
				C7D705901F0643FF0016BE2A /* YKNavigationController.m in Sources */,
				C7D705571F063EC10016BE2A /* main.m in Sources */,
				C7D705981F064AA60016BE2A /* YKLiveViewController.m in Sources */,
				C7D7058D1F0643A10016BE2A /* YKTabBarController.m in Sources */,
			);
			runOnlyForDeploymentPostprocessing = 0;
		};
		C7D705671F063EC10016BE2A /* Sources */ = {
			isa = PBXSourcesBuildPhase;
			buildActionMask = 2147483647;
			files = (
				C7D705701F063EC10016BE2A /* LikeInkeAppTests.m in Sources */,
			);
			runOnlyForDeploymentPostprocessing = 0;
		};
		C7D705721F063EC10016BE2A /* Sources */ = {
			isa = PBXSourcesBuildPhase;
			buildActionMask = 2147483647;
			files = (
				C7D7057B1F063EC10016BE2A /* LikeInkeAppUITests.m in Sources */,
			);
			runOnlyForDeploymentPostprocessing = 0;
		};
/* End PBXSourcesBuildPhase section */

/* Begin PBXTargetDependency section */
		C7D7056D1F063EC10016BE2A /* PBXTargetDependency */ = {
			isa = PBXTargetDependency;
			target = C7D705511F063EC10016BE2A /* LikeInkeApp */;
			targetProxy = C7D7056C1F063EC10016BE2A /* PBXContainerItemProxy */;
		};
		C7D705781F063EC10016BE2A /* PBXTargetDependency */ = {
			isa = PBXTargetDependency;
			target = C7D705511F063EC10016BE2A /* LikeInkeApp */;
			targetProxy = C7D705771F063EC10016BE2A /* PBXContainerItemProxy */;
		};
/* End PBXTargetDependency section */

/* Begin PBXVariantGroup section */
		C7D7055E1F063EC10016BE2A /* home.storyboard */ = {
			isa = PBXVariantGroup;
			children = (
				C7D7055F1F063EC10016BE2A /* Base */,
			);
			name = home.storyboard;
			sourceTree = "<group>";
		};
		C7D705631F063EC10016BE2A /* LaunchScreen.storyboard */ = {
			isa = PBXVariantGroup;
			children = (
				C7D705641F063EC10016BE2A /* Base */,
			);
			name = LaunchScreen.storyboard;
			sourceTree = "<group>";
		};
/* End PBXVariantGroup section */

/* Begin XCBuildConfiguration section */
		C7D7057D1F063EC10016BE2A /* Debug */ = {
			isa = XCBuildConfiguration;
			buildSettings = {
				ALWAYS_SEARCH_USER_PATHS = NO;
				CLANG_ANALYZER_NONNULL = YES;
				CLANG_ANALYZER_NUMBER_OBJECT_CONVERSION = YES_AGGRESSIVE;
				CLANG_CXX_LANGUAGE_STANDARD = "gnu++0x";
				CLANG_CXX_LIBRARY = "libc++";
				CLANG_ENABLE_MODULES = YES;
				CLANG_ENABLE_OBJC_ARC = YES;
				CLANG_WARN_BOOL_CONVERSION = YES;
				CLANG_WARN_CONSTANT_CONVERSION = YES;
				CLANG_WARN_DIRECT_OBJC_ISA_USAGE = YES_ERROR;
				CLANG_WARN_DOCUMENTATION_COMMENTS = YES;
				CLANG_WARN_EMPTY_BODY = YES;
				CLANG_WARN_ENUM_CONVERSION = YES;
				CLANG_WARN_INFINITE_RECURSION = YES;
				CLANG_WARN_INT_CONVERSION = YES;
				CLANG_WARN_OBJC_ROOT_CLASS = YES_ERROR;
				CLANG_WARN_SUSPICIOUS_MOVE = YES;
				CLANG_WARN_UNREACHABLE_CODE = YES;
				CLANG_WARN__DUPLICATE_METHOD_MATCH = YES;
				"CODE_SIGN_IDENTITY[sdk=iphoneos*]" = "iPhone Developer";
				COPY_PHASE_STRIP = NO;
				DEBUG_INFORMATION_FORMAT = dwarf;
				ENABLE_STRICT_OBJC_MSGSEND = YES;
				ENABLE_TESTABILITY = YES;
				GCC_C_LANGUAGE_STANDARD = gnu99;
				GCC_DYNAMIC_NO_PIC = NO;
				GCC_NO_COMMON_BLOCKS = YES;
				GCC_OPTIMIZATION_LEVEL = 0;
				GCC_PREPROCESSOR_DEFINITIONS = (
					"DEBUG=1",
					"$(inherited)",
				);
				GCC_WARN_64_TO_32_BIT_CONVERSION = YES;
				GCC_WARN_ABOUT_RETURN_TYPE = YES_ERROR;
				GCC_WARN_UNDECLARED_SELECTOR = YES;
				GCC_WARN_UNINITIALIZED_AUTOS = YES_AGGRESSIVE;
				GCC_WARN_UNUSED_FUNCTION = YES;
				GCC_WARN_UNUSED_VARIABLE = YES;
				IPHONEOS_DEPLOYMENT_TARGET = 10.3;
				MTL_ENABLE_DEBUG_INFO = YES;
				ONLY_ACTIVE_ARCH = YES;
				SDKROOT = iphoneos;
			};
			name = Debug;
		};
		C7D7057E1F063EC10016BE2A /* Release */ = {
			isa = XCBuildConfiguration;
			buildSettings = {
				ALWAYS_SEARCH_USER_PATHS = NO;
				CLANG_ANALYZER_NONNULL = YES;
				CLANG_ANALYZER_NUMBER_OBJECT_CONVERSION = YES_AGGRESSIVE;
				CLANG_CXX_LANGUAGE_STANDARD = "gnu++0x";
				CLANG_CXX_LIBRARY = "libc++";
				CLANG_ENABLE_MODULES = YES;
				CLANG_ENABLE_OBJC_ARC = YES;
				CLANG_WARN_BOOL_CONVERSION = YES;
				CLANG_WARN_CONSTANT_CONVERSION = YES;
				CLANG_WARN_DIRECT_OBJC_ISA_USAGE = YES_ERROR;
				CLANG_WARN_DOCUMENTATION_COMMENTS = YES;
				CLANG_WARN_EMPTY_BODY = YES;
				CLANG_WARN_ENUM_CONVERSION = YES;
				CLANG_WARN_INFINITE_RECURSION = YES;
				CLANG_WARN_INT_CONVERSION = YES;
				CLANG_WARN_OBJC_ROOT_CLASS = YES_ERROR;
				CLANG_WARN_SUSPICIOUS_MOVE = YES;
				CLANG_WARN_UNREACHABLE_CODE = YES;
				CLANG_WARN__DUPLICATE_METHOD_MATCH = YES;
				"CODE_SIGN_IDENTITY[sdk=iphoneos*]" = "iPhone Developer";
				COPY_PHASE_STRIP = NO;
				DEBUG_INFORMATION_FORMAT = "dwarf-with-dsym";
				ENABLE_NS_ASSERTIONS = NO;
				ENABLE_STRICT_OBJC_MSGSEND = YES;
				GCC_C_LANGUAGE_STANDARD = gnu99;
				GCC_NO_COMMON_BLOCKS = YES;
				GCC_WARN_64_TO_32_BIT_CONVERSION = YES;
				GCC_WARN_ABOUT_RETURN_TYPE = YES_ERROR;
				GCC_WARN_UNDECLARED_SELECTOR = YES;
				GCC_WARN_UNINITIALIZED_AUTOS = YES_AGGRESSIVE;
				GCC_WARN_UNUSED_FUNCTION = YES;
				GCC_WARN_UNUSED_VARIABLE = YES;
				IPHONEOS_DEPLOYMENT_TARGET = 10.3;
				MTL_ENABLE_DEBUG_INFO = NO;
				SDKROOT = iphoneos;
				VALIDATE_PRODUCT = YES;
			};
			name = Release;
		};
		C7D705801F063EC10016BE2A /* Debug */ = {
			isa = XCBuildConfiguration;
			buildSettings = {
				ASSETCATALOG_COMPILER_APPICON_NAME = AppIcon;
				DEVELOPMENT_TEAM = 256463TRD5;
				INFOPLIST_FILE = LikeInkeApp/Info.plist;
				IPHONEOS_DEPLOYMENT_TARGET = 8.0;
				LD_RUNPATH_SEARCH_PATHS = "$(inherited) @executable_path/Frameworks";
				PRODUCT_BUNDLE_IDENTIFIER = com.ihangmei.LikeInkeApp;
				PRODUCT_NAME = "$(TARGET_NAME)";
				PROVISIONING_PROFILE = "57ef851f-ee76-48d6-81eb-2d93abab611f";
				PROVISIONING_PROFILE_SPECIFIER = AMWildcardDev;
			};
			name = Debug;
		};
		C7D705811F063EC10016BE2A /* Release */ = {
			isa = XCBuildConfiguration;
			buildSettings = {
				ASSETCATALOG_COMPILER_APPICON_NAME = AppIcon;
				DEVELOPMENT_TEAM = "";
				INFOPLIST_FILE = LikeInkeApp/Info.plist;
				IPHONEOS_DEPLOYMENT_TARGET = 8.0;
				LD_RUNPATH_SEARCH_PATHS = "$(inherited) @executable_path/Frameworks";
				PRODUCT_BUNDLE_IDENTIFIER = com.ihangmei.LikeInkeApp;
				PRODUCT_NAME = "$(TARGET_NAME)";
				PROVISIONING_PROFILE_SPECIFIER = "";
			};
			name = Release;
		};
		C7D705831F063EC10016BE2A /* Debug */ = {
			isa = XCBuildConfiguration;
			buildSettings = {
				BUNDLE_LOADER = "$(TEST_HOST)";
				DEVELOPMENT_TEAM = YEFYT2Y9CS;
				INFOPLIST_FILE = LikeInkeAppTests/Info.plist;
				LD_RUNPATH_SEARCH_PATHS = "$(inherited) @executable_path/Frameworks @loader_path/Frameworks";
				PRODUCT_BUNDLE_IDENTIFIER = com.ihangmei.LikeInkeAppTests;
				PRODUCT_NAME = "$(TARGET_NAME)";
				TEST_HOST = "$(BUILT_PRODUCTS_DIR)/LikeInkeApp.app/LikeInkeApp";
			};
			name = Debug;
		};
		C7D705841F063EC10016BE2A /* Release */ = {
			isa = XCBuildConfiguration;
			buildSettings = {
				BUNDLE_LOADER = "$(TEST_HOST)";
				DEVELOPMENT_TEAM = YEFYT2Y9CS;
				INFOPLIST_FILE = LikeInkeAppTests/Info.plist;
				LD_RUNPATH_SEARCH_PATHS = "$(inherited) @executable_path/Frameworks @loader_path/Frameworks";
				PRODUCT_BUNDLE_IDENTIFIER = com.ihangmei.LikeInkeAppTests;
				PRODUCT_NAME = "$(TARGET_NAME)";
				TEST_HOST = "$(BUILT_PRODUCTS_DIR)/LikeInkeApp.app/LikeInkeApp";
			};
			name = Release;
		};
		C7D705861F063EC10016BE2A /* Debug */ = {
			isa = XCBuildConfiguration;
			buildSettings = {
				DEVELOPMENT_TEAM = YEFYT2Y9CS;
				INFOPLIST_FILE = LikeInkeAppUITests/Info.plist;
				LD_RUNPATH_SEARCH_PATHS = "$(inherited) @executable_path/Frameworks @loader_path/Frameworks";
				PRODUCT_BUNDLE_IDENTIFIER = com.ihangmei.LikeInkeAppUITests;
				PRODUCT_NAME = "$(TARGET_NAME)";
				TEST_TARGET_NAME = LikeInkeApp;
			};
			name = Debug;
		};
		C7D705871F063EC10016BE2A /* Release */ = {
			isa = XCBuildConfiguration;
			buildSettings = {
				DEVELOPMENT_TEAM = YEFYT2Y9CS;
				INFOPLIST_FILE = LikeInkeAppUITests/Info.plist;
				LD_RUNPATH_SEARCH_PATHS = "$(inherited) @executable_path/Frameworks @loader_path/Frameworks";
				PRODUCT_BUNDLE_IDENTIFIER = com.ihangmei.LikeInkeAppUITests;
				PRODUCT_NAME = "$(TARGET_NAME)";
				TEST_TARGET_NAME = LikeInkeApp;
			};
			name = Release;
		};
/* End XCBuildConfiguration section */

/* Begin XCConfigurationList section */
		C7D7054D1F063EC10016BE2A /* Build configuration list for PBXProject "LikeInkeApp" */ = {
			isa = XCConfigurationList;
			buildConfigurations = (
				C7D7057D1F063EC10016BE2A /* Debug */,
				C7D7057E1F063EC10016BE2A /* Release */,
			);
			defaultConfigurationIsVisible = 0;
			defaultConfigurationName = Release;
		};
		C7D7057F1F063EC10016BE2A /* Build configuration list for PBXNativeTarget "LikeInkeApp" */ = {
			isa = XCConfigurationList;
			buildConfigurations = (
				C7D705801F063EC10016BE2A /* Debug */,
				C7D705811F063EC10016BE2A /* Release */,
			);
			defaultConfigurationIsVisible = 0;
			defaultConfigurationName = Release;
		};
		C7D705821F063EC10016BE2A /* Build configuration list for PBXNativeTarget "LikeInkeAppTests" */ = {
			isa = XCConfigurationList;
			buildConfigurations = (
				C7D705831F063EC10016BE2A /* Debug */,
				C7D705841F063EC10016BE2A /* Release */,
			);
			defaultConfigurationIsVisible = 0;
			defaultConfigurationName = Release;
		};
		C7D705851F063EC10016BE2A /* Build configuration list for PBXNativeTarget "LikeInkeAppUITests" */ = {
			isa = XCConfigurationList;
			buildConfigurations = (
				C7D705861F063EC10016BE2A /* Debug */,
				C7D705871F063EC10016BE2A /* Release */,
			);
			defaultConfigurationIsVisible = 0;
			defaultConfigurationName = Release;
		};
/* End XCConfigurationList section */
	};
	rootObject = C7D7054A1F063EC10016BE2A /* Project object */;
}
